<Solution>
  <Project Path="StreamExtract.Core\StreamExtract.Core.csproj" />
  <Project Path="stream-extract-winforms.csproj" />
  <Project Path="tests\StreamExtract.Tests\StreamExtract.Tests.csproj" />
  <Project Path="tests\StreamExtract.WinForms.Tests\StreamExtract.WinForms.Tests.csproj" />
</Solution>
